
Microsoft Visual Studio Solution File, Format Version 12.00
# Visual Studio Version 17
VisualStudioVersion = 17.13.35913.81 d17.13
MinimumVisualStudioVersion = 10.0.40219.1
Project("{FAE04EC0-301F-11D3-BF4B-00C04F79EFBC}") = "пратика_фрукты", "пратика_фрукты\пратика_фрукты.csproj", "{026AD583-A348-4CD9-9D5A-43AC0104C3CD}"
EndProject
Global
	GlobalSection(SolutionConfigurationPlatforms) = preSolution
		Debug|Any CPU = Debug|Any CPU
		Release|Any CPU = Release|Any CPU
	EndGlobalSection
	GlobalSection(ProjectConfigurationPlatforms) = postSolution
		{026AD583-A348-4CD9-9D5A-43AC0104C3CD}.Debug|Any CPU.ActiveCfg = Debug|Any CPU
		{026AD583-A348-4CD9-9D5A-43AC0104C3CD}.Debug|Any CPU.Build.0 = Debug|Any CPU
		{026AD583-A348-4CD9-9D5A-43AC0104C3CD}.Release|Any CPU.ActiveCfg = Release|Any CPU
		{026AD583-A348-4CD9-9D5A-43AC0104C3CD}.Release|Any CPU.Build.0 = Release|Any CPU
	EndGlobalSection
	GlobalSection(SolutionProperties) = preSolution
		HideSolutionNode = FALSE
	EndGlobalSection
	GlobalSection(ExtensibilityGlobals) = postSolution
		SolutionGuid = {FCB3497D-FAA1-4D9F-8BA1-63C2A70B137D}
	EndGlobalSection
EndGlobal
